
Microsoft Visual Studio Solution File, Format Version 12.00
# Visual Studio 2015
Project("{FAE04EC0-301F-11D3-BF4B-00C04F79EFBC}") = "feito.Plugins", "feito.Plugins.csproj", "{8BAEB9AC-3671-F125-3B08-3CC54A08D870}"
EndProject
Project("{FAE04EC0-301F-11D3-BF4B-00C04F79EFBC}") = "feito", "feito.csproj", "{FD382324-A816-FD81-CD48-4483861802BB}"
EndProject
Project("{FAE04EC0-301F-11D3-BF4B-00C04F79EFBC}") = "feito.Editor", "feito.Editor.csproj", "{8CEF3F24-AF03-8424-8584-782E1FCE40E5}"
EndProject
Global
	GlobalSection(SolutionConfigurationPlatforms) = preSolution
		Debug|Any CPU = Debug|Any CPU
		Release|Any CPU = Release|Any CPU
	EndGlobalSection
	GlobalSection(ProjectConfigurationPlatforms) = postSolution
		{8BAEB9AC-3671-F125-3B08-3CC54A08D870}.Debug|Any CPU.ActiveCfg = Debug|Any CPU
		{8BAEB9AC-3671-F125-3B08-3CC54A08D870}.Debug|Any CPU.Build.0 = Debug|Any CPU
		{8BAEB9AC-3671-F125-3B08-3CC54A08D870}.Release|Any CPU.ActiveCfg = Release|Any CPU
		{8BAEB9AC-3671-F125-3B08-3CC54A08D870}.Release|Any CPU.Build.0 = Release|Any CPU
		{FD382324-A816-FD81-CD48-4483861802BB}.Debug|Any CPU.ActiveCfg = Debug|Any CPU
		{FD382324-A816-FD81-CD48-4483861802BB}.Debug|Any CPU.Build.0 = Debug|Any CPU
		{FD382324-A816-FD81-CD48-4483861802BB}.Release|Any CPU.ActiveCfg = Release|Any CPU
		{FD382324-A816-FD81-CD48-4483861802BB}.Release|Any CPU.Build.0 = Release|Any CPU
		{8CEF3F24-AF03-8424-8584-782E1FCE40E5}.Debug|Any CPU.ActiveCfg = Debug|Any CPU
		{8CEF3F24-AF03-8424-8584-782E1FCE40E5}.Debug|Any CPU.Build.0 = Debug|Any CPU
		{8CEF3F24-AF03-8424-8584-782E1FCE40E5}.Release|Any CPU.ActiveCfg = Release|Any CPU
		{8CEF3F24-AF03-8424-8584-782E1FCE40E5}.Release|Any CPU.Build.0 = Release|Any CPU
	EndGlobalSection
	GlobalSection(SolutionProperties) = preSolution
		HideSolutionNode = FALSE
	EndGlobalSection
EndGlobal
