Microsoft Visual Studio Solution File, Format Version 11.00
# Visual Studio 2008

Project("{EAB92891-A3E2-0C9B-284B-2B34F44F0B51}") = "Candido", "Assembly-CSharp-firstpass.csproj", "{817556DD-99A1-3E30-51B2-C615AA587D0E}"
EndProject
Project("{EAB92891-A3E2-0C9B-284B-2B34F44F0B51}") = "Candido", "Assembly-CSharp-Editor.csproj", "{D10E3E7B-0768-3A92-6457-5B899AEE908A}"
EndProject
Global
	GlobalSection(SolutionConfigurationPlatforms) = preSolution
		Debug|Any CPU = Debug|Any CPU
		Release|Any CPU = Release|Any CPU
	EndGlobalSection
	GlobalSection(ProjectConfigurationPlatforms) = postSolution
		{817556DD-99A1-3E30-51B2-C615AA587D0E}.Debug|Any CPU.ActiveCfg = Debug|Any CPU
		{817556DD-99A1-3E30-51B2-C615AA587D0E}.Debug|Any CPU.Build.0 = Debug|Any CPU
		{817556DD-99A1-3E30-51B2-C615AA587D0E}.Release|Any CPU.ActiveCfg = Release|Any CPU
		{817556DD-99A1-3E30-51B2-C615AA587D0E}.Release|Any CPU.Build.0 = Release|Any CPU
		{D10E3E7B-0768-3A92-6457-5B899AEE908A}.Debug|Any CPU.ActiveCfg = Debug|Any CPU
		{D10E3E7B-0768-3A92-6457-5B899AEE908A}.Debug|Any CPU.Build.0 = Debug|Any CPU
		{D10E3E7B-0768-3A92-6457-5B899AEE908A}.Release|Any CPU.ActiveCfg = Release|Any CPU
		{D10E3E7B-0768-3A92-6457-5B899AEE908A}.Release|Any CPU.Build.0 = Release|Any CPU
	EndGlobalSection
	GlobalSection(SolutionProperties) = preSolution
		HideSolutionNode = FALSE
	EndGlobalSection
	GlobalSection(MonoDevelopProperties) = preSolution
		StartupItem = Assembly-CSharp.csproj
	EndGlobalSection
EndGlobal
