
Microsoft Visual Studio Solution File, Format Version 12.00
# Visual Studio 2015
Project("{FAE04EC0-301F-11D3-BF4B-00C04F79EFBC}") = "Candido.CSharp.Plugins", "Candido.CSharp.Plugins.csproj", "{EC6CDDA8-2A7B-2FCB-BF8C-7A08A84F18FB}"
EndProject
Project("{FAE04EC0-301F-11D3-BF4B-00C04F79EFBC}") = "Candido.CSharp", "Candido.CSharp.csproj", "{78DB0E04-3867-E2FE-D772-61CF83B76303}"
EndProject
Project("{FAE04EC0-301F-11D3-BF4B-00C04F79EFBC}") = "Candido.CSharp.Editor", "Candido.CSharp.Editor.csproj", "{858F53D2-FE77-555A-EC26-B7EE5D0870B4}"
EndProject
Global
	GlobalSection(SolutionConfigurationPlatforms) = preSolution
		Debug|Any CPU = Debug|Any CPU
		Release|Any CPU = Release|Any CPU
	EndGlobalSection
	GlobalSection(ProjectConfigurationPlatforms) = postSolution
		{EC6CDDA8-2A7B-2FCB-BF8C-7A08A84F18FB}.Debug|Any CPU.ActiveCfg = Debug|Any CPU
		{EC6CDDA8-2A7B-2FCB-BF8C-7A08A84F18FB}.Debug|Any CPU.Build.0 = Debug|Any CPU
		{EC6CDDA8-2A7B-2FCB-BF8C-7A08A84F18FB}.Release|Any CPU.ActiveCfg = Release|Any CPU
		{EC6CDDA8-2A7B-2FCB-BF8C-7A08A84F18FB}.Release|Any CPU.Build.0 = Release|Any CPU
		{78DB0E04-3867-E2FE-D772-61CF83B76303}.Debug|Any CPU.ActiveCfg = Debug|Any CPU
		{78DB0E04-3867-E2FE-D772-61CF83B76303}.Debug|Any CPU.Build.0 = Debug|Any CPU
		{78DB0E04-3867-E2FE-D772-61CF83B76303}.Release|Any CPU.ActiveCfg = Release|Any CPU
		{78DB0E04-3867-E2FE-D772-61CF83B76303}.Release|Any CPU.Build.0 = Release|Any CPU
		{858F53D2-FE77-555A-EC26-B7EE5D0870B4}.Debug|Any CPU.ActiveCfg = Debug|Any CPU
		{858F53D2-FE77-555A-EC26-B7EE5D0870B4}.Debug|Any CPU.Build.0 = Debug|Any CPU
		{858F53D2-FE77-555A-EC26-B7EE5D0870B4}.Release|Any CPU.ActiveCfg = Release|Any CPU
		{858F53D2-FE77-555A-EC26-B7EE5D0870B4}.Release|Any CPU.Build.0 = Release|Any CPU
	EndGlobalSection
	GlobalSection(SolutionProperties) = preSolution
		HideSolutionNode = FALSE
	EndGlobalSection
EndGlobal
